<?xml version="1.0" encoding="utf-8"?>
<Project ToolsVersion="4.0" xmlns="http://schemas.microsoft.com/developer/msbuild/2003">
  <ItemGroup>
    <ClCompile Include="main.cpp" />
    <ClCompile Include="PointApp.cpp">
      <Filter>App</Filter>
    </ClCompile>
    <ClCompile Include="ToolBox.cpp">
      <Filter>UI</Filter>
    </ClCompile>
    <ClCompile Include="ColorBar.cpp">
      <Filter>UI</Filter>
    </ClCompile>
    <ClCompile Include="PropertyPanel.cpp">
      <Filter>UI</Filter>
    </ClCompile>
    <ClCompile Include="Cone.cpp">
      <Filter>Shapes</Filter>
    </ClCompile>
    <ClCompile Include="Cuboid.cpp">
      <Filter>Shapes</Filter>
    </ClCompile>
    <ClCompile Include="Plane.cpp">
      <Filter>Shapes</Filter>
    </ClCompile>
    <ClCompile Include="Sphere.cpp">
      <Filter>Shapes</Filter>
    </ClCompile>
    <ClCompile Include="Canvas.cpp">
      <Filter>Canvas</Filter>
    </ClCompile>
    <ClCompile Include="BaseShape.cpp" />
    <ClCompile Include="Cyl.cpp">
      <Filter>Shapes</Filter>
    </ClCompile>
  </ItemGroup>
  <ItemGroup>
    <QtMoc Include="PointApp.h">
      <Filter>App</Filter>
    </QtMoc>
    <QtMoc Include="ToolBox.h">
      <Filter>UI</Filter>
    </QtMoc>
    <QtMoc Include="ColorBar.h">
      <Filter>UI</Filter>
    </QtMoc>
    <QtMoc Include="PropertyPanel.h">
      <Filter>UI</Filter>
    </QtMoc>
    <QtMoc Include="Cone.h">
      <Filter>Shapes</Filter>
    </QtMoc>
    <QtMoc Include="Cuboid.h">
      <Filter>Shapes</Filter>
    </QtMoc>
    <QtMoc Include="Plane.h">
      <Filter>Shapes</Filter>
    </QtMoc>
    <QtMoc Include="Sphere.h">
      <Filter>Shapes</Filter>
    </QtMoc>
    <QtMoc Include="Canvas.h">
      <Filter>Canvas</Filter>
    </QtMoc>
    <QtMoc Include="BaseShape.h" />
    <QtMoc Include="Cyl.h">
      <Filter>Shapes</Filter>
    </QtMoc>
  </ItemGroup>
  <ItemGroup>
    <Filter Include="App">
      <UniqueIdentifier>{cb3a7f89-3676-40ce-9cf3-a1d83854f037}</UniqueIdentifier>
    </Filter>
    <Filter Include="UI">
      <UniqueIdentifier>{58c7d52a-d713-4919-8112-e9868a51c244}</UniqueIdentifier>
    </Filter>
    <Filter Include="Shapes">
      <UniqueIdentifier>{bfd7387c-9117-4c20-8ba3-4910ec3b05b8}</UniqueIdentifier>
    </Filter>
    <Filter Include="Canvas">
      <UniqueIdentifier>{0846f55c-7864-4fb2-acba-22fba9b1271a}</UniqueIdentifier>
    </Filter>
    <Filter Include="Resources">
      <UniqueIdentifier>{bc72c9f3-c9a5-4e75-b460-cc7017df1801}</UniqueIdentifier>
    </Filter>
  </ItemGroup>
  <ItemGroup>
    <QtRcc Include="PointApp.qrc">
      <Filter>Resources</Filter>
    </QtRcc>
  </ItemGroup>
</Project>